
Microsoft Visual Studio Solution File, Format Version 12.00
# Visual Studio Version 17
VisualStudioVersion = 17.7.34031.279
MinimumVisualStudioVersion = 10.0.40219.1
Project("{FAE04EC0-301F-11D3-BF4B-00C04F79EFBC}") = "ConsoleApp8", "ConsoleApp8\ConsoleApp8.csproj", "{F473F297-3810-4E9B-9858-43BD9211AAEA}"
EndProject
Global
	GlobalSection(SolutionConfigurationPlatforms) = preSolution
		Debug|Any CPU = Debug|Any CPU
		Release|Any CPU = Release|Any CPU
	EndGlobalSection
	GlobalSection(ProjectConfigurationPlatforms) = postSolution
		{F473F297-3810-4E9B-9858-43BD9211AAEA}.Debug|Any CPU.ActiveCfg = Debug|Any CPU
		{F473F297-3810-4E9B-9858-43BD9211AAEA}.Debug|Any CPU.Build.0 = Debug|Any CPU
		{F473F297-3810-4E9B-9858-43BD9211AAEA}.Release|Any CPU.ActiveCfg = Release|Any CPU
		{F473F297-3810-4E9B-9858-43BD9211AAEA}.Release|Any CPU.Build.0 = Release|Any CPU
	EndGlobalSection
	GlobalSection(SolutionProperties) = preSolution
		HideSolutionNode = FALSE
	EndGlobalSection
	GlobalSection(ExtensibilityGlobals) = postSolution
		SolutionGuid = {DADFEACF-9A8D-4D5E-9F71-CE7DBD11C3C3}
	EndGlobalSection
EndGlobal
